
Microsoft Visual Studio Solution File, Format Version 12.00
# Visual Studio Version 17
VisualStudioVersion = 17.7.34024.191
MinimumVisualStudioVersion = 10.0.40219.1
Project("{FAE04EC0-301F-11D3-BF4B-00C04F79EFBC}") = "doga", "doga\doga.csproj", "{83701156-81DE-4A0E-8C89-DAD8949D9397}"
EndProject
Global
	GlobalSection(SolutionConfigurationPlatforms) = preSolution
		Debug|Any CPU = Debug|Any CPU
		Release|Any CPU = Release|Any CPU
	EndGlobalSection
	GlobalSection(ProjectConfigurationPlatforms) = postSolution
		{83701156-81DE-4A0E-8C89-DAD8949D9397}.Debug|Any CPU.ActiveCfg = Debug|Any CPU
		{83701156-81DE-4A0E-8C89-DAD8949D9397}.Debug|Any CPU.Build.0 = Debug|Any CPU
		{83701156-81DE-4A0E-8C89-DAD8949D9397}.Release|Any CPU.ActiveCfg = Release|Any CPU
		{83701156-81DE-4A0E-8C89-DAD8949D9397}.Release|Any CPU.Build.0 = Release|Any CPU
	EndGlobalSection
	GlobalSection(SolutionProperties) = preSolution
		HideSolutionNode = FALSE
	EndGlobalSection
	GlobalSection(ExtensibilityGlobals) = postSolution
		SolutionGuid = {EF58CC9A-558C-4E2C-9A88-8DE21FC2ED46}
	EndGlobalSection
EndGlobal
